
Microsoft Visual Studio Solution File, Format Version 12.00
# Visual Studio Version 17
VisualStudioVersion = 17.14.36203.30 d17.14
MinimumVisualStudioVersion = 10.0.40219.1
Project("{FAE04EC0-301F-11D3-BF4B-00C04F79EFBC}") = "CapaEntidad", "CapaEntidad\CapaEntidad.csproj", "{8AEF38C5-1371-40D9-9116-4ECFE4350698}"
EndProject
Global
	GlobalSection(SolutionConfigurationPlatforms) = preSolution
		Debug|Any CPU = Debug|Any CPU
		Release|Any CPU = Release|Any CPU
	EndGlobalSection
	GlobalSection(ProjectConfigurationPlatforms) = postSolution
		{8AEF38C5-1371-40D9-9116-4ECFE4350698}.Debug|Any CPU.ActiveCfg = Debug|Any CPU
		{8AEF38C5-1371-40D9-9116-4ECFE4350698}.Debug|Any CPU.Build.0 = Debug|Any CPU
		{8AEF38C5-1371-40D9-9116-4ECFE4350698}.Release|Any CPU.ActiveCfg = Release|Any CPU
		{8AEF38C5-1371-40D9-9116-4ECFE4350698}.Release|Any CPU.Build.0 = Release|Any CPU
	EndGlobalSection
	GlobalSection(SolutionProperties) = preSolution
		HideSolutionNode = FALSE
	EndGlobalSection
	GlobalSection(ExtensibilityGlobals) = postSolution
		SolutionGuid = {F465A953-A142-491C-89E6-EB46283598B0}
	EndGlobalSection
EndGlobal
